{
  "name": "ampower_visualize",
  "version": "1.0.0",
  "lockfileVersion": 3,
  "requires": true,
  "packages": {
    "": {
      "name": "ampower_visualize",
      "version": "1.0.0",
      "dependencies": {
        "@dagrejs/dagre": "^3.0.0"
      }
    },
    "node_modules/@dagrejs/dagre": {
      "version": "3.0.0",
      "resolved": "https://registry.npmjs.org/@dagrejs/dagre/-/dagre-3.0.0.tgz",
      "integrity": "sha512-ZzhnTy1rfuoew9Ez3EIw4L2znPGnYYhfn8vc9c4oB8iw6QAsszbiU0vRhlxWPFnmmNSFAkrYeF1PhM5m4lAN0Q==",
      "license": "MIT",
      "dependencies": {
        "@dagrejs/graphlib": "4.0.1"
      }
    },
    "node_modules/@dagrejs/graphlib": {
      "version": "4.0.1",
      "resolved": "https://registry.npmjs.org/@dagrejs/graphlib/-/graphlib-4.0.1.tgz",
      "integrity": "sha512-IvcV6FduIIAmLwnH+yun+QtV36SC7mERqa86aClNqmMN09WhmPPYU8ckHrZBozErf+UvHPWOTJYaGYiIcs0DgA==",
      "license": "MIT"
    }
  }
}
